
Microsoft Visual Studio Solution File, Format Version 12.00
# Visual Studio 15
VisualStudioVersion = 15.0.27703.2000
MinimumVisualStudioVersion = 10.0.40219.1
Project("{E24C65DC-7377-472B-9ABA-BC803B73C61A}") = "AI_Program", "AI_Program\", "{C85D9C9A-7BDC-4969-B1D0-76FB6E411C14}"
	ProjectSection(WebsiteProperties) = preProject
		TargetFrameworkMoniker = ".NETFramework,Version%3Dv4.6.1"
		Debug.AspNetCompiler.VirtualPath = "/localhost_52448"
		Debug.AspNetCompiler.PhysicalPath = "AI_Program\"
		Debug.AspNetCompiler.TargetPath = "PrecompiledWeb\localhost_52448\"
		Debug.AspNetCompiler.Updateable = "true"
		Debug.AspNetCompiler.ForceOverwrite = "true"
		Debug.AspNetCompiler.FixedNames = "false"
		Debug.AspNetCompiler.Debug = "True"
		Release.AspNetCompiler.VirtualPath = "/localhost_52448"
		Release.AspNetCompiler.PhysicalPath = "AI_Program\"
		Release.AspNetCompiler.TargetPath = "PrecompiledWeb\localhost_52448\"
		Release.AspNetCompiler.Updateable = "true"
		Release.AspNetCompiler.ForceOverwrite = "true"
		Release.AspNetCompiler.FixedNames = "false"
		Release.AspNetCompiler.Debug = "False"
		VWDPort = "52448"
		SlnRelativePath = "AI_Program\"
		DefaultWebSiteLanguage = "Visual C#"
	EndProjectSection
EndProject
Global
	GlobalSection(SolutionConfigurationPlatforms) = preSolution
		Debug|Any CPU = Debug|Any CPU
		Debug|x64 = Debug|x64
	EndGlobalSection
	GlobalSection(ProjectConfigurationPlatforms) = postSolution
		{C85D9C9A-7BDC-4969-B1D0-76FB6E411C14}.Debug|Any CPU.ActiveCfg = Debug|Any CPU
		{C85D9C9A-7BDC-4969-B1D0-76FB6E411C14}.Debug|Any CPU.Build.0 = Debug|Any CPU
		{C85D9C9A-7BDC-4969-B1D0-76FB6E411C14}.Debug|x64.ActiveCfg = Debug|Any CPU
		{C85D9C9A-7BDC-4969-B1D0-76FB6E411C14}.Debug|x64.Build.0 = Debug|Any CPU
	EndGlobalSection
	GlobalSection(SolutionProperties) = preSolution
		HideSolutionNode = FALSE
	EndGlobalSection
	GlobalSection(ExtensibilityGlobals) = postSolution
		SolutionGuid = {19F63997-8068-4E36-9964-0309BD38B543}
	EndGlobalSection
EndGlobal
