
Microsoft Visual Studio Solution File, Format Version 12.00
# Visual Studio 15
VisualStudioVersion = 15.0.27428.2037
MinimumVisualStudioVersion = 10.0.40219.1
Project("{FAE04EC0-301F-11D3-BF4B-00C04F79EFBC}") = "AIFinal", "AIFinal\AIFinal.csproj", "{284F6B0B-CAF9-42C1-89B9-0195AA817E0C}"
EndProject
Global
	GlobalSection(SolutionConfigurationPlatforms) = preSolution
		Debug|Any CPU = Debug|Any CPU
		Release|Any CPU = Release|Any CPU
	EndGlobalSection
	GlobalSection(ProjectConfigurationPlatforms) = postSolution
		{284F6B0B-CAF9-42C1-89B9-0195AA817E0C}.Debug|Any CPU.ActiveCfg = Debug|Any CPU
		{284F6B0B-CAF9-42C1-89B9-0195AA817E0C}.Debug|Any CPU.Build.0 = Debug|Any CPU
		{284F6B0B-CAF9-42C1-89B9-0195AA817E0C}.Release|Any CPU.ActiveCfg = Release|Any CPU
		{284F6B0B-CAF9-42C1-89B9-0195AA817E0C}.Release|Any CPU.Build.0 = Release|Any CPU
	EndGlobalSection
	GlobalSection(SolutionProperties) = preSolution
		HideSolutionNode = FALSE
	EndGlobalSection
	GlobalSection(ExtensibilityGlobals) = postSolution
		SolutionGuid = {343B3586-E64B-4B5E-A6C6-1AFBFF89822F}
	EndGlobalSection
EndGlobal
